
Microsoft Visual Studio Solution File, Format Version 12.00
# Visual Studio 15
VisualStudioVersion = 15.0.28307.902
MinimumVisualStudioVersion = 10.0.40219.1
Project("{159641D6-6404-4A2A-AE62-294DE0FE8301}") = "milicjaETL", "milicjaETL\milicjaETL.dtproj", "{BE0566F2-F68A-4F1B-A953-C8CB1C2CEC4C}"
EndProject
Global
	GlobalSection(SolutionConfigurationPlatforms) = preSolution
		Development|Default = Development|Default
	EndGlobalSection
	GlobalSection(ProjectConfigurationPlatforms) = postSolution
		{BE0566F2-F68A-4F1B-A953-C8CB1C2CEC4C}.Development|Default.ActiveCfg = Development
		{BE0566F2-F68A-4F1B-A953-C8CB1C2CEC4C}.Development|Default.Build.0 = Development
	EndGlobalSection
	GlobalSection(SolutionProperties) = preSolution
		HideSolutionNode = FALSE
	EndGlobalSection
	GlobalSection(ExtensibilityGlobals) = postSolution
		SolutionGuid = {5B9A0FD7-A0E0-4F21-B882-12AFEA8629F6}
	EndGlobalSection
EndGlobal
